
Microsoft Visual Studio Solution File, Format Version 12.00
# Visual Studio Version 17
VisualStudioVersion = 17.4.33213.308
MinimumVisualStudioVersion = 10.0.40219.1
Project("{FAE04EC0-301F-11D3-BF4B-00C04F79EFBC}") = "productOrnek", "productOrnek\productOrnek.csproj", "{B03FC9FA-2240-454C-8E92-EF5DFD55E187}"
EndProject
Global
	GlobalSection(SolutionConfigurationPlatforms) = preSolution
		Debug|Any CPU = Debug|Any CPU
		Release|Any CPU = Release|Any CPU
	EndGlobalSection
	GlobalSection(ProjectConfigurationPlatforms) = postSolution
		{B03FC9FA-2240-454C-8E92-EF5DFD55E187}.Debug|Any CPU.ActiveCfg = Debug|Any CPU
		{B03FC9FA-2240-454C-8E92-EF5DFD55E187}.Debug|Any CPU.Build.0 = Debug|Any CPU
		{B03FC9FA-2240-454C-8E92-EF5DFD55E187}.Release|Any CPU.ActiveCfg = Release|Any CPU
		{B03FC9FA-2240-454C-8E92-EF5DFD55E187}.Release|Any CPU.Build.0 = Release|Any CPU
	EndGlobalSection
	GlobalSection(SolutionProperties) = preSolution
		HideSolutionNode = FALSE
	EndGlobalSection
	GlobalSection(ExtensibilityGlobals) = postSolution
		SolutionGuid = {CAF3C9CE-A39F-498F-BC4F-A0B091C85A87}
	EndGlobalSection
EndGlobal
